
Microsoft Visual Studio Solution File, Format Version 12.00
# Visual Studio 15
VisualStudioVersion = 15.0.27703.2042
MinimumVisualStudioVersion = 10.0.40219.1
Project("{FAE04EC0-301F-11D3-BF4B-00C04F79EFBC}") = "CoinCollectionManagement", "CoinCollectionManagement\CoinCollectionManagement.csproj", "{532E4E43-19ED-4DCB-86CD-982C1464699A}"
EndProject
Global
	GlobalSection(SolutionConfigurationPlatforms) = preSolution
		Debug|Any CPU = Debug|Any CPU
		Release|Any CPU = Release|Any CPU
	EndGlobalSection
	GlobalSection(ProjectConfigurationPlatforms) = postSolution
		{532E4E43-19ED-4DCB-86CD-982C1464699A}.Debug|Any CPU.ActiveCfg = Debug|Any CPU
		{532E4E43-19ED-4DCB-86CD-982C1464699A}.Debug|Any CPU.Build.0 = Debug|Any CPU
		{532E4E43-19ED-4DCB-86CD-982C1464699A}.Release|Any CPU.ActiveCfg = Release|Any CPU
		{532E4E43-19ED-4DCB-86CD-982C1464699A}.Release|Any CPU.Build.0 = Release|Any CPU
	EndGlobalSection
	GlobalSection(SolutionProperties) = preSolution
		HideSolutionNode = FALSE
	EndGlobalSection
	GlobalSection(ExtensibilityGlobals) = postSolution
		SolutionGuid = {FA2F982E-6A07-49B0-8D8E-5D77C5101ABD}
	EndGlobalSection
EndGlobal
